// !$*UTF8*$!
{
	archiveVersion = 1;
	classes = {
	};
	objectVersion = 55;
	objects = {

/* Begin PBXBuildFile section */
		1D1878D2275106A60046D155 /* CodingChallenge.framework in Frameworks */ = {isa = PBXBuildFile; fileRef = 1D1878C9275106A60046D155 /* CodingChallenge.framework */; };
		1D1878E2275106C60046D155 /* Challenge1.swift in Sources */ = {isa = PBXBuildFile; fileRef = 1D1878E1275106C60046D155 /* Challenge1.swift */; };
		1D1878E4275107160046D155 /* Challenge1Tests.swift in Sources */ = {isa = PBXBuildFile; fileRef = 1D1878E3275107160046D155 /* Challenge1Tests.swift */; };
		1D1878E62751104D0046D155 /* Challenge2.swift in Sources */ = {isa = PBXBuildFile; fileRef = 1D1878E52751104D0046D155 /* Challenge2.swift */; };
		1D1878E8275110AC0046D155 /* Challenge2Tests.swift in Sources */ = {isa = PBXBuildFile; fileRef = 1D1878E7275110AC0046D155 /* Challenge2Tests.swift */; };
		1D1878EA275112B50046D155 /* Challenge3.swift in Sources */ = {isa = PBXBuildFile; fileRef = 1D1878E9275112B50046D155 /* Challenge3.swift */; };
		1D1878EC275112F20046D155 /* Challenge3Tests.swift in Sources */ = {isa = PBXBuildFile; fileRef = 1D1878EB275112F20046D155 /* Challenge3Tests.swift */; };
		1D1878EE275194360046D155 /* Challenge4.swift in Sources */ = {isa = PBXBuildFile; fileRef = 1D1878ED275194350046D155 /* Challenge4.swift */; };
		1D1878F0275194FD0046D155 /* Challenge4Tests.swift in Sources */ = {isa = PBXBuildFile; fileRef = 1D1878EF275194FD0046D155 /* Challenge4Tests.swift */; };
		1D1878F22751B6D40046D155 /* Challenge5.swift in Sources */ = {isa = PBXBuildFile; fileRef = 1D1878F12751B6D40046D155 /* Challenge5.swift */; };
		1D1878F42751BEC30046D155 /* Challenge5Tests.swift in Sources */ = {isa = PBXBuildFile; fileRef = 1D1878F32751BEC30046D155 /* Challenge5Tests.swift */; };
		1D1878F62751C6F50046D155 /* Challenge6.swift in Sources */ = {isa = PBXBuildFile; fileRef = 1D1878F52751C6F50046D155 /* Challenge6.swift */; };
		1D1878F82751C7360046D155 /* Challenge6Tests.swift in Sources */ = {isa = PBXBuildFile; fileRef = 1D1878F72751C7360046D155 /* Challenge6Tests.swift */; };
		1D1878FA275202F50046D155 /* Challenge7.swift in Sources */ = {isa = PBXBuildFile; fileRef = 1D1878F9275202F50046D155 /* Challenge7.swift */; };
		1D1878FC27522D420046D155 /* Challenge7Tests.swift in Sources */ = {isa = PBXBuildFile; fileRef = 1D1878FB27522D420046D155 /* Challenge7Tests.swift */; };
		1D1878FE27524BAE0046D155 /* Challenge8.swift in Sources */ = {isa = PBXBuildFile; fileRef = 1D1878FD27524BAE0046D155 /* Challenge8.swift */; };
		1D18790027524C300046D155 /* Challenge8Tests.swift in Sources */ = {isa = PBXBuildFile; fileRef = 1D1878FF27524C300046D155 /* Challenge8Tests.swift */; };
		1D18790227524DE70046D155 /* Challenge9.swift in Sources */ = {isa = PBXBuildFile; fileRef = 1D18790127524DE70046D155 /* Challenge9.swift */; };
		1D6E925A27524FB5009653C8 /* Challenge9Tests.swift in Sources */ = {isa = PBXBuildFile; fileRef = 1D6E925927524FB5009653C8 /* Challenge9Tests.swift */; };
/* End PBXBuildFile section */

/* Begin PBXContainerItemProxy section */
		1D1878D3275106A60046D155 /* PBXContainerItemProxy */ = {
			isa = PBXContainerItemProxy;
			containerPortal = 1D1878C0275106A60046D155 /* Project object */;
			proxyType = 1;
			remoteGlobalIDString = 1D1878C8275106A60046D155;
			remoteInfo = CodingChallenge;
		};
/* End PBXContainerItemProxy section */

/* Begin PBXFileReference section */
		1D1878C9275106A60046D155 /* CodingChallenge.framework */ = {isa = PBXFileReference; explicitFileType = wrapper.framework; includeInIndex = 0; path = CodingChallenge.framework; sourceTree = BUILT_PRODUCTS_DIR; };
		1D1878D1275106A60046D155 /* CodingChallengeTests.xctest */ = {isa = PBXFileReference; explicitFileType = wrapper.cfbundle; includeInIndex = 0; path = CodingChallengeTests.xctest; sourceTree = BUILT_PRODUCTS_DIR; };
		1D1878E1275106C60046D155 /* Challenge1.swift */ = {isa = PBXFileReference; lastKnownFileType = sourcecode.swift; path = Challenge1.swift; sourceTree = "<group>"; };
		1D1878E3275107160046D155 /* Challenge1Tests.swift */ = {isa = PBXFileReference; lastKnownFileType = sourcecode.swift; path = Challenge1Tests.swift; sourceTree = "<group>"; };
		1D1878E52751104D0046D155 /* Challenge2.swift */ = {isa = PBXFileReference; lastKnownFileType = sourcecode.swift; path = Challenge2.swift; sourceTree = "<group>"; };
		1D1878E7275110AC0046D155 /* Challenge2Tests.swift */ = {isa = PBXFileReference; lastKnownFileType = sourcecode.swift; path = Challenge2Tests.swift; sourceTree = "<group>"; };
		1D1878E9275112B50046D155 /* Challenge3.swift */ = {isa = PBXFileReference; lastKnownFileType = sourcecode.swift; path = Challenge3.swift; sourceTree = "<group>"; };
		1D1878EB275112F20046D155 /* Challenge3Tests.swift */ = {isa = PBXFileReference; lastKnownFileType = sourcecode.swift; path = Challenge3Tests.swift; sourceTree = "<group>"; };
		1D1878ED275194350046D155 /* Challenge4.swift */ = {isa = PBXFileReference; lastKnownFileType = sourcecode.swift; path = Challenge4.swift; sourceTree = "<group>"; };
		1D1878EF275194FD0046D155 /* Challenge4Tests.swift */ = {isa = PBXFileReference; lastKnownFileType = sourcecode.swift; path = Challenge4Tests.swift; sourceTree = "<group>"; };
		1D1878F12751B6D40046D155 /* Challenge5.swift */ = {isa = PBXFileReference; lastKnownFileType = sourcecode.swift; path = Challenge5.swift; sourceTree = "<group>"; };
		1D1878F32751BEC30046D155 /* Challenge5Tests.swift */ = {isa = PBXFileReference; lastKnownFileType = sourcecode.swift; path = Challenge5Tests.swift; sourceTree = "<group>"; };
		1D1878F52751C6F50046D155 /* Challenge6.swift */ = {isa = PBXFileReference; lastKnownFileType = sourcecode.swift; path = Challenge6.swift; sourceTree = "<group>"; };
		1D1878F72751C7360046D155 /* Challenge6Tests.swift */ = {isa = PBXFileReference; lastKnownFileType = sourcecode.swift; path = Challenge6Tests.swift; sourceTree = "<group>"; };
		1D1878F9275202F50046D155 /* Challenge7.swift */ = {isa = PBXFileReference; lastKnownFileType = sourcecode.swift; path = Challenge7.swift; sourceTree = "<group>"; };
		1D1878FB27522D420046D155 /* Challenge7Tests.swift */ = {isa = PBXFileReference; lastKnownFileType = sourcecode.swift; path = Challenge7Tests.swift; sourceTree = "<group>"; };
		1D1878FD27524BAE0046D155 /* Challenge8.swift */ = {isa = PBXFileReference; lastKnownFileType = sourcecode.swift; path = Challenge8.swift; sourceTree = "<group>"; };
		1D1878FF27524C300046D155 /* Challenge8Tests.swift */ = {isa = PBXFileReference; lastKnownFileType = sourcecode.swift; path = Challenge8Tests.swift; sourceTree = "<group>"; };
		1D18790127524DE70046D155 /* Challenge9.swift */ = {isa = PBXFileReference; lastKnownFileType = sourcecode.swift; path = Challenge9.swift; sourceTree = "<group>"; };
		1D6E925927524FB5009653C8 /* Challenge9Tests.swift */ = {isa = PBXFileReference; lastKnownFileType = sourcecode.swift; path = Challenge9Tests.swift; sourceTree = "<group>"; };
/* End PBXFileReference section */

/* Begin PBXFrameworksBuildPhase section */
		1D1878C6275106A60046D155 /* Frameworks */ = {
			isa = PBXFrameworksBuildPhase;
			buildActionMask = 2147483647;
			files = (
			);
			runOnlyForDeploymentPostprocessing = 0;
		};
		1D1878CE275106A60046D155 /* Frameworks */ = {
			isa = PBXFrameworksBuildPhase;
			buildActionMask = 2147483647;
			files = (
				1D1878D2275106A60046D155 /* CodingChallenge.framework in Frameworks */,
			);
			runOnlyForDeploymentPostprocessing = 0;
		};
/* End PBXFrameworksBuildPhase section */

/* Begin PBXGroup section */
		1D1878BF275106A60046D155 = {
			isa = PBXGroup;
			children = (
				1D1878CB275106A60046D155 /* CodingChallenge */,
				1D1878D5275106A60046D155 /* CodingChallengeTests */,
				1D1878CA275106A60046D155 /* Products */,
			);
			sourceTree = "<group>";
		};
		1D1878CA275106A60046D155 /* Products */ = {
			isa = PBXGroup;
			children = (
				1D1878C9275106A60046D155 /* CodingChallenge.framework */,
				1D1878D1275106A60046D155 /* CodingChallengeTests.xctest */,
			);
			name = Products;
			sourceTree = "<group>";
		};
		1D1878CB275106A60046D155 /* CodingChallenge */ = {
			isa = PBXGroup;
			children = (
				1D1878E1275106C60046D155 /* Challenge1.swift */,
				1D1878E52751104D0046D155 /* Challenge2.swift */,
				1D1878E9275112B50046D155 /* Challenge3.swift */,
				1D1878ED275194350046D155 /* Challenge4.swift */,
				1D1878F12751B6D40046D155 /* Challenge5.swift */,
				1D1878F52751C6F50046D155 /* Challenge6.swift */,
				1D1878F9275202F50046D155 /* Challenge7.swift */,
				1D1878FD27524BAE0046D155 /* Challenge8.swift */,
				1D18790127524DE70046D155 /* Challenge9.swift */,
			);
			path = CodingChallenge;
			sourceTree = "<group>";
		};
		1D1878D5275106A60046D155 /* CodingChallengeTests */ = {
			isa = PBXGroup;
			children = (
				1D1878E3275107160046D155 /* Challenge1Tests.swift */,
				1D1878E7275110AC0046D155 /* Challenge2Tests.swift */,
				1D1878EB275112F20046D155 /* Challenge3Tests.swift */,
				1D1878EF275194FD0046D155 /* Challenge4Tests.swift */,
				1D1878F32751BEC30046D155 /* Challenge5Tests.swift */,
				1D1878F72751C7360046D155 /* Challenge6Tests.swift */,
				1D1878FB27522D420046D155 /* Challenge7Tests.swift */,
				1D1878FF27524C300046D155 /* Challenge8Tests.swift */,
				1D6E925927524FB5009653C8 /* Challenge9Tests.swift */,
			);
			path = CodingChallengeTests;
			sourceTree = "<group>";
		};
/* End PBXGroup section */

/* Begin PBXHeadersBuildPhase section */
		1D1878C4275106A60046D155 /* Headers */ = {
			isa = PBXHeadersBuildPhase;
			buildActionMask = 2147483647;
			files = (
			);
			runOnlyForDeploymentPostprocessing = 0;
		};
/* End PBXHeadersBuildPhase section */

/* Begin PBXNativeTarget section */
		1D1878C8275106A60046D155 /* CodingChallenge */ = {
			isa = PBXNativeTarget;
			buildConfigurationList = 1D1878DB275106A60046D155 /* Build configuration list for PBXNativeTarget "CodingChallenge" */;
			buildPhases = (
				1D1878C4275106A60046D155 /* Headers */,
				1D1878C5275106A60046D155 /* Sources */,
				1D1878C6275106A60046D155 /* Frameworks */,
				1D1878C7275106A60046D155 /* Resources */,
			);
			buildRules = (
			);
			dependencies = (
			);
			name = CodingChallenge;
			productName = CodingChallenge;
			productReference = 1D1878C9275106A60046D155 /* CodingChallenge.framework */;
			productType = "com.apple.product-type.framework";
		};
		1D1878D0275106A60046D155 /* CodingChallengeTests */ = {
			isa = PBXNativeTarget;
			buildConfigurationList = 1D1878DE275106A60046D155 /* Build configuration list for PBXNativeTarget "CodingChallengeTests" */;
			buildPhases = (
				1D1878CD275106A60046D155 /* Sources */,
				1D1878CE275106A60046D155 /* Frameworks */,
				1D1878CF275106A60046D155 /* Resources */,
			);
			buildRules = (
			);
			dependencies = (
				1D1878D4275106A60046D155 /* PBXTargetDependency */,
			);
			name = CodingChallengeTests;
			productName = CodingChallengeTests;
			productReference = 1D1878D1275106A60046D155 /* CodingChallengeTests.xctest */;
			productType = "com.apple.product-type.bundle.unit-test";
		};
/* End PBXNativeTarget section */

/* Begin PBXProject section */
		1D1878C0275106A60046D155 /* Project object */ = {
			isa = PBXProject;
			attributes = {
				BuildIndependentTargetsInParallel = 1;
				LastSwiftUpdateCheck = 1310;
				LastUpgradeCheck = 1310;
				TargetAttributes = {
					1D1878C8275106A60046D155 = {
						CreatedOnToolsVersion = 13.1;
						LastSwiftMigration = 1310;
					};
					1D1878D0275106A60046D155 = {
						CreatedOnToolsVersion = 13.1;
					};
				};
			};
			buildConfigurationList = 1D1878C3275106A60046D155 /* Build configuration list for PBXProject "CodingChallenge" */;
			compatibilityVersion = "Xcode 13.0";
			developmentRegion = en;
			hasScannedForEncodings = 0;
			knownRegions = (
				en,
				Base,
			);
			mainGroup = 1D1878BF275106A60046D155;
			productRefGroup = 1D1878CA275106A60046D155 /* Products */;
			projectDirPath = "";
			projectRoot = "";
			targets = (
				1D1878C8275106A60046D155 /* CodingChallenge */,
				1D1878D0275106A60046D155 /* CodingChallengeTests */,
			);
		};
/* End PBXProject section */

/* Begin PBXResourcesBuildPhase section */
		1D1878C7275106A60046D155 /* Resources */ = {
			isa = PBXResourcesBuildPhase;
			buildActionMask = 2147483647;
			files = (
			);
			runOnlyForDeploymentPostprocessing = 0;
		};
		1D1878CF275106A60046D155 /* Resources */ = {
			isa = PBXResourcesBuildPhase;
			buildActionMask = 2147483647;
			files = (
			);
			runOnlyForDeploymentPostprocessing = 0;
		};
/* End PBXResourcesBuildPhase section */

/* Begin PBXSourcesBuildPhase section */
		1D1878C5275106A60046D155 /* Sources */ = {
			isa = PBXSourcesBuildPhase;
			buildActionMask = 2147483647;
			files = (
				1D1878F62751C6F50046D155 /* Challenge6.swift in Sources */,
				1D1878EA275112B50046D155 /* Challenge3.swift in Sources */,
				1D1878E62751104D0046D155 /* Challenge2.swift in Sources */,
				1D1878EE275194360046D155 /* Challenge4.swift in Sources */,
				1D1878F22751B6D40046D155 /* Challenge5.swift in Sources */,
				1D1878FA275202F50046D155 /* Challenge7.swift in Sources */,
				1D18790227524DE70046D155 /* Challenge9.swift in Sources */,
				1D1878FE27524BAE0046D155 /* Challenge8.swift in Sources */,
				1D1878E2275106C60046D155 /* Challenge1.swift in Sources */,
			);
			runOnlyForDeploymentPostprocessing = 0;
		};
		1D1878CD275106A60046D155 /* Sources */ = {
			isa = PBXSourcesBuildPhase;
			buildActionMask = 2147483647;
			files = (
				1D1878F82751C7360046D155 /* Challenge6Tests.swift in Sources */,
				1D1878E8275110AC0046D155 /* Challenge2Tests.swift in Sources */,
				1D1878EC275112F20046D155 /* Challenge3Tests.swift in Sources */,
				1D6E925A27524FB5009653C8 /* Challenge9Tests.swift in Sources */,
				1D1878F0275194FD0046D155 /* Challenge4Tests.swift in Sources */,
				1D1878E4275107160046D155 /* Challenge1Tests.swift in Sources */,
				1D1878FC27522D420046D155 /* Challenge7Tests.swift in Sources */,
				1D18790027524C300046D155 /* Challenge8Tests.swift in Sources */,
				1D1878F42751BEC30046D155 /* Challenge5Tests.swift in Sources */,
			);
			runOnlyForDeploymentPostprocessing = 0;
		};
/* End PBXSourcesBuildPhase section */

/* Begin PBXTargetDependency section */
		1D1878D4275106A60046D155 /* PBXTargetDependency */ = {
			isa = PBXTargetDependency;
			target = 1D1878C8275106A60046D155 /* CodingChallenge */;
			targetProxy = 1D1878D3275106A60046D155 /* PBXContainerItemProxy */;
		};
/* End PBXTargetDependency section */

/* Begin XCBuildConfiguration section */
		1D1878D9275106A60046D155 /* Debug */ = {
			isa = XCBuildConfiguration;
			buildSettings = {
				ALWAYS_SEARCH_USER_PATHS = NO;
				CLANG_ANALYZER_NONNULL = YES;
				CLANG_ANALYZER_NUMBER_OBJECT_CONVERSION = YES_AGGRESSIVE;
				CLANG_CXX_LANGUAGE_STANDARD = "gnu++17";
				CLANG_CXX_LIBRARY = "libc++";
				CLANG_ENABLE_MODULES = YES;
				CLANG_ENABLE_OBJC_ARC = YES;
				CLANG_ENABLE_OBJC_WEAK = YES;
				CLANG_WARN_BLOCK_CAPTURE_AUTORELEASING = YES;
				CLANG_WARN_BOOL_CONVERSION = YES;
				CLANG_WARN_COMMA = YES;
				CLANG_WARN_CONSTANT_CONVERSION = YES;
				CLANG_WARN_DEPRECATED_OBJC_IMPLEMENTATIONS = YES;
				CLANG_WARN_DIRECT_OBJC_ISA_USAGE = YES_ERROR;
				CLANG_WARN_DOCUMENTATION_COMMENTS = YES;
				CLANG_WARN_EMPTY_BODY = YES;
				CLANG_WARN_ENUM_CONVERSION = YES;
				CLANG_WARN_INFINITE_RECURSION = YES;
				CLANG_WARN_INT_CONVERSION = YES;
				CLANG_WARN_NON_LITERAL_NULL_CONVERSION = YES;
				CLANG_WARN_OBJC_IMPLICIT_RETAIN_SELF = YES;
				CLANG_WARN_OBJC_LITERAL_CONVERSION = YES;
				CLANG_WARN_OBJC_ROOT_CLASS = YES_ERROR;
				CLANG_WARN_QUOTED_INCLUDE_IN_FRAMEWORK_HEADER = YES;
				CLANG_WARN_RANGE_LOOP_ANALYSIS = YES;
				CLANG_WARN_STRICT_PROTOTYPES = YES;
				CLANG_WARN_SUSPICIOUS_MOVE = YES;
				CLANG_WARN_UNGUARDED_AVAILABILITY = YES_AGGRESSIVE;
				CLANG_WARN_UNREACHABLE_CODE = YES;
				CLANG_WARN__DUPLICATE_METHOD_MATCH = YES;
				COPY_PHASE_STRIP = NO;
				CURRENT_PROJECT_VERSION = 1;
				DEBUG_INFORMATION_FORMAT = dwarf;
				ENABLE_STRICT_OBJC_MSGSEND = YES;
				ENABLE_TESTABILITY = YES;
				GCC_C_LANGUAGE_STANDARD = gnu11;
				GCC_DYNAMIC_NO_PIC = NO;
				GCC_NO_COMMON_BLOCKS = YES;
				GCC_OPTIMIZATION_LEVEL = 0;
				GCC_PREPROCESSOR_DEFINITIONS = (
					"DEBUG=1",
					"$(inherited)",
				);
				GCC_WARN_64_TO_32_BIT_CONVERSION = YES;
				GCC_WARN_ABOUT_RETURN_TYPE = YES_ERROR;
				GCC_WARN_UNDECLARED_SELECTOR = YES;
				GCC_WARN_UNINITIALIZED_AUTOS = YES_AGGRESSIVE;
				GCC_WARN_UNUSED_FUNCTION = YES;
				GCC_WARN_UNUSED_VARIABLE = YES;
				MACOSX_DEPLOYMENT_TARGET = 12.0;
				MTL_ENABLE_DEBUG_INFO = INCLUDE_SOURCE;
				MTL_FAST_MATH = YES;
				ONLY_ACTIVE_ARCH = YES;
				SDKROOT = macosx;
				SWIFT_ACTIVE_COMPILATION_CONDITIONS = DEBUG;
				SWIFT_OPTIMIZATION_LEVEL = "-Onone";
				VERSIONING_SYSTEM = "apple-generic";
				VERSION_INFO_PREFIX = "";
			};
			name = Debug;
		};
		1D1878DA275106A60046D155 /* Release */ = {
			isa = XCBuildConfiguration;
			buildSettings = {
				ALWAYS_SEARCH_USER_PATHS = NO;
				CLANG_ANALYZER_NONNULL = YES;
				CLANG_ANALYZER_NUMBER_OBJECT_CONVERSION = YES_AGGRESSIVE;
				CLANG_CXX_LANGUAGE_STANDARD = "gnu++17";
				CLANG_CXX_LIBRARY = "libc++";
				CLANG_ENABLE_MODULES = YES;
				CLANG_ENABLE_OBJC_ARC = YES;
				CLANG_ENABLE_OBJC_WEAK = YES;
				CLANG_WARN_BLOCK_CAPTURE_AUTORELEASING = YES;
				CLANG_WARN_BOOL_CONVERSION = YES;
				CLANG_WARN_COMMA = YES;
				CLANG_WARN_CONSTANT_CONVERSION = YES;
				CLANG_WARN_DEPRECATED_OBJC_IMPLEMENTATIONS = YES;
				CLANG_WARN_DIRECT_OBJC_ISA_USAGE = YES_ERROR;
				CLANG_WARN_DOCUMENTATION_COMMENTS = YES;
				CLANG_WARN_EMPTY_BODY = YES;
				CLANG_WARN_ENUM_CONVERSION = YES;
				CLANG_WARN_INFINITE_RECURSION = YES;
				CLANG_WARN_INT_CONVERSION = YES;
				CLANG_WARN_NON_LITERAL_NULL_CONVERSION = YES;
				CLANG_WARN_OBJC_IMPLICIT_RETAIN_SELF = YES;
				CLANG_WARN_OBJC_LITERAL_CONVERSION = YES;
				CLANG_WARN_OBJC_ROOT_CLASS = YES_ERROR;
				CLANG_WARN_QUOTED_INCLUDE_IN_FRAMEWORK_HEADER = YES;
				CLANG_WARN_RANGE_LOOP_ANALYSIS = YES;
				CLANG_WARN_STRICT_PROTOTYPES = YES;
				CLANG_WARN_SUSPICIOUS_MOVE = YES;
				CLANG_WARN_UNGUARDED_AVAILABILITY = YES_AGGRESSIVE;
				CLANG_WARN_UNREACHABLE_CODE = YES;
				CLANG_WARN__DUPLICATE_METHOD_MATCH = YES;
				COPY_PHASE_STRIP = NO;
				CURRENT_PROJECT_VERSION = 1;
				DEBUG_INFORMATION_FORMAT = "dwarf-with-dsym";
				ENABLE_NS_ASSERTIONS = NO;
				ENABLE_STRICT_OBJC_MSGSEND = YES;
				GCC_C_LANGUAGE_STANDARD = gnu11;
				GCC_NO_COMMON_BLOCKS = YES;
				GCC_WARN_64_TO_32_BIT_CONVERSION = YES;
				GCC_WARN_ABOUT_RETURN_TYPE = YES_ERROR;
				GCC_WARN_UNDECLARED_SELECTOR = YES;
				GCC_WARN_UNINITIALIZED_AUTOS = YES_AGGRESSIVE;
				GCC_WARN_UNUSED_FUNCTION = YES;
				GCC_WARN_UNUSED_VARIABLE = YES;
				MACOSX_DEPLOYMENT_TARGET = 12.0;
				MTL_ENABLE_DEBUG_INFO = NO;
				MTL_FAST_MATH = YES;
				SDKROOT = macosx;
				SWIFT_COMPILATION_MODE = wholemodule;
				SWIFT_OPTIMIZATION_LEVEL = "-O";
				VERSIONING_SYSTEM = "apple-generic";
				VERSION_INFO_PREFIX = "";
			};
			name = Release;
		};
		1D1878DC275106A60046D155 /* Debug */ = {
			isa = XCBuildConfiguration;
			buildSettings = {
				CLANG_ENABLE_MODULES = YES;
				CODE_SIGN_STYLE = Automatic;
				COMBINE_HIDPI_IMAGES = YES;
				CURRENT_PROJECT_VERSION = 1;
				DEFINES_MODULE = YES;
				DYLIB_COMPATIBILITY_VERSION = 1;
				DYLIB_CURRENT_VERSION = 1;
				DYLIB_INSTALL_NAME_BASE = "@rpath";
				GENERATE_INFOPLIST_FILE = YES;
				INFOPLIST_KEY_NSHumanReadableCopyright = "";
				INSTALL_PATH = "$(LOCAL_LIBRARY_DIR)/Frameworks";
				LD_RUNPATH_SEARCH_PATHS = (
					"$(inherited)",
					"@executable_path/../Frameworks",
					"@loader_path/Frameworks",
				);
				MARKETING_VERSION = 1.0;
				PRODUCT_BUNDLE_IDENTIFIER = org.gdelgado.CodingChallenge;
				PRODUCT_NAME = "$(TARGET_NAME:c99extidentifier)";
				SKIP_INSTALL = YES;
				SWIFT_EMIT_LOC_STRINGS = YES;
				SWIFT_OPTIMIZATION_LEVEL = "-Onone";
				SWIFT_VERSION = 5.0;
			};
			name = Debug;
		};
		1D1878DD275106A60046D155 /* Release */ = {
			isa = XCBuildConfiguration;
			buildSettings = {
				CLANG_ENABLE_MODULES = YES;
				CODE_SIGN_STYLE = Automatic;
				COMBINE_HIDPI_IMAGES = YES;
				CURRENT_PROJECT_VERSION = 1;
				DEFINES_MODULE = YES;
				DYLIB_COMPATIBILITY_VERSION = 1;
				DYLIB_CURRENT_VERSION = 1;
				DYLIB_INSTALL_NAME_BASE = "@rpath";
				GENERATE_INFOPLIST_FILE = YES;
				INFOPLIST_KEY_NSHumanReadableCopyright = "";
				INSTALL_PATH = "$(LOCAL_LIBRARY_DIR)/Frameworks";
				LD_RUNPATH_SEARCH_PATHS = (
					"$(inherited)",
					"@executable_path/../Frameworks",
					"@loader_path/Frameworks",
				);
				MARKETING_VERSION = 1.0;
				PRODUCT_BUNDLE_IDENTIFIER = org.gdelgado.CodingChallenge;
				PRODUCT_NAME = "$(TARGET_NAME:c99extidentifier)";
				SKIP_INSTALL = YES;
				SWIFT_EMIT_LOC_STRINGS = YES;
				SWIFT_VERSION = 5.0;
			};
			name = Release;
		};
		1D1878DF275106A60046D155 /* Debug */ = {
			isa = XCBuildConfiguration;
			buildSettings = {
				ALWAYS_EMBED_SWIFT_STANDARD_LIBRARIES = YES;
				CODE_SIGN_STYLE = Automatic;
				COMBINE_HIDPI_IMAGES = YES;
				CURRENT_PROJECT_VERSION = 1;
				GENERATE_INFOPLIST_FILE = YES;
				LD_RUNPATH_SEARCH_PATHS = (
					"$(inherited)",
					"@executable_path/../Frameworks",
					"@loader_path/../Frameworks",
				);
				MARKETING_VERSION = 1.0;
				PRODUCT_BUNDLE_IDENTIFIER = org.gdelgado.CodingChallengeTests;
				PRODUCT_NAME = "$(TARGET_NAME)";
				SWIFT_EMIT_LOC_STRINGS = NO;
				SWIFT_VERSION = 5.0;
			};
			name = Debug;
		};
		1D1878E0275106A60046D155 /* Release */ = {
			isa = XCBuildConfiguration;
			buildSettings = {
				ALWAYS_EMBED_SWIFT_STANDARD_LIBRARIES = YES;
				CODE_SIGN_STYLE = Automatic;
				COMBINE_HIDPI_IMAGES = YES;
				CURRENT_PROJECT_VERSION = 1;
				GENERATE_INFOPLIST_FILE = YES;
				LD_RUNPATH_SEARCH_PATHS = (
					"$(inherited)",
					"@executable_path/../Frameworks",
					"@loader_path/../Frameworks",
				);
				MARKETING_VERSION = 1.0;
				PRODUCT_BUNDLE_IDENTIFIER = org.gdelgado.CodingChallengeTests;
				PRODUCT_NAME = "$(TARGET_NAME)";
				SWIFT_EMIT_LOC_STRINGS = NO;
				SWIFT_VERSION = 5.0;
			};
			name = Release;
		};
/* End XCBuildConfiguration section */

/* Begin XCConfigurationList section */
		1D1878C3275106A60046D155 /* Build configuration list for PBXProject "CodingChallenge" */ = {
			isa = XCConfigurationList;
			buildConfigurations = (
				1D1878D9275106A60046D155 /* Debug */,
				1D1878DA275106A60046D155 /* Release */,
			);
			defaultConfigurationIsVisible = 0;
			defaultConfigurationName = Release;
		};
		1D1878DB275106A60046D155 /* Build configuration list for PBXNativeTarget "CodingChallenge" */ = {
			isa = XCConfigurationList;
			buildConfigurations = (
				1D1878DC275106A60046D155 /* Debug */,
				1D1878DD275106A60046D155 /* Release */,
			);
			defaultConfigurationIsVisible = 0;
			defaultConfigurationName = Release;
		};
		1D1878DE275106A60046D155 /* Build configuration list for PBXNativeTarget "CodingChallengeTests" */ = {
			isa = XCConfigurationList;
			buildConfigurations = (
				1D1878DF275106A60046D155 /* Debug */,
				1D1878E0275106A60046D155 /* Release */,
			);
			defaultConfigurationIsVisible = 0;
			defaultConfigurationName = Release;
		};
/* End XCConfigurationList section */
	};
	rootObject = 1D1878C0275106A60046D155 /* Project object */;
}
